
Microsoft Visual Studio Solution File, Format Version 12.00
# Visual Studio 15
VisualStudioVersion = 15.0.27703.2047
MinimumVisualStudioVersion = 10.0.40219.1
Project("{FAE04EC0-301F-11D3-BF4B-00C04F79EFBC}") = "BugTracker", "BugTracker\BugTracker.csproj", "{F68EE788-8DC4-41D9-A302-84164CCDB8BF}"
EndProject
Global
	GlobalSection(SolutionConfigurationPlatforms) = preSolution
		Debug|Any CPU = Debug|Any CPU
		Release|Any CPU = Release|Any CPU
	EndGlobalSection
	GlobalSection(ProjectConfigurationPlatforms) = postSolution
		{F68EE788-8DC4-41D9-A302-84164CCDB8BF}.Debug|Any CPU.ActiveCfg = Debug|Any CPU
		{F68EE788-8DC4-41D9-A302-84164CCDB8BF}.Debug|Any CPU.Build.0 = Debug|Any CPU
		{F68EE788-8DC4-41D9-A302-84164CCDB8BF}.Release|Any CPU.ActiveCfg = Release|Any CPU
		{F68EE788-8DC4-41D9-A302-84164CCDB8BF}.Release|Any CPU.Build.0 = Release|Any CPU
	EndGlobalSection
	GlobalSection(SolutionProperties) = preSolution
		HideSolutionNode = FALSE
	EndGlobalSection
	GlobalSection(ExtensibilityGlobals) = postSolution
		SolutionGuid = {05B2BF6C-0DE1-4FAC-8CB4-F1C717B322D3}
	EndGlobalSection
EndGlobal
